<Solution>
  <Folder Name="/Itens de Solução/">
    <File Path=".gitignore" />
  </Folder>
  <Project Path="ArrayArrayListEList/Array.csproj" />
  <Project Path="ArraysMultimensionais/ArraysMultimensionais.csproj" Id="22317324-f63f-4e93-9251-7497d5bce3b6" />
  <Project Path="ClasseArray/ClasseArray.csproj" Id="45a7ed31-1232-4f07-bb47-e65429fa8be6" />
  <Project Path="ModificadorParams/ModificadorParams.csproj" Id="266f29cc-7815-4395-9ce8-b8c9cb05f13d" />
</Solution>
